
Microsoft Visual Studio Solution File, Format Version 12.00
# Visual Studio Version 17
VisualStudioVersion = 17.4.33213.308
MinimumVisualStudioVersion = 10.0.40219.1
Project("{FAE04EC0-301F-11D3-BF4B-00C04F79EFBC}") = "BlazorMovies.Server", "BlazorMovies\Server\BlazorMovies.Server.csproj", "{1B087951-FFF0-4796-89EC-423906D18ACD}"
EndProject
Project("{FAE04EC0-301F-11D3-BF4B-00C04F79EFBC}") = "BlazorMovies.Client", "BlazorMovies\Client\BlazorMovies.Client.csproj", "{0C4768BF-8EF4-484C-92C0-7D2BB951396F}"
EndProject
Project("{FAE04EC0-301F-11D3-BF4B-00C04F79EFBC}") = "BlazorMovies.Shared", "BlazorMovies\Shared\BlazorMovies.Shared.csproj", "{90F2FD77-EB1A-43DA-80FF-BB48A17582C8}"
EndProject
Project("{FAE04EC0-301F-11D3-BF4B-00C04F79EFBC}") = "BlazorMovies.Components", "BlazorMovies.Components\BlazorMovies.Components.csproj", "{4D281690-D57B-4B3C-9425-51D7C256EC24}"
EndProject
Project("{FAE04EC0-301F-11D3-BF4B-00C04F79EFBC}") = "BlazorMovies.SharedBackend", "BlazorMovies.SharedBackend\BlazorMovies.SharedBackend.csproj", "{C16AE62A-C9DE-482B-8E56-BDAB321CE135}"
EndProject
Project("{FAE04EC0-301F-11D3-BF4B-00C04F79EFBC}") = "BlazorMovies.ServerSide", "BlazorMovies.ServerSide\BlazorMovies.ServerSide.csproj", "{C43220D2-A140-4FEA-BCAB-1E3C6F6DE674}"
EndProject
Global
	GlobalSection(SolutionConfigurationPlatforms) = preSolution
		Debug|Any CPU = Debug|Any CPU
		Release|Any CPU = Release|Any CPU
	EndGlobalSection
	GlobalSection(ProjectConfigurationPlatforms) = postSolution
		{1B087951-FFF0-4796-89EC-423906D18ACD}.Debug|Any CPU.ActiveCfg = Debug|Any CPU
		{1B087951-FFF0-4796-89EC-423906D18ACD}.Debug|Any CPU.Build.0 = Debug|Any CPU
		{1B087951-FFF0-4796-89EC-423906D18ACD}.Release|Any CPU.ActiveCfg = Release|Any CPU
		{1B087951-FFF0-4796-89EC-423906D18ACD}.Release|Any CPU.Build.0 = Release|Any CPU
		{0C4768BF-8EF4-484C-92C0-7D2BB951396F}.Debug|Any CPU.ActiveCfg = Debug|Any CPU
		{0C4768BF-8EF4-484C-92C0-7D2BB951396F}.Debug|Any CPU.Build.0 = Debug|Any CPU
		{0C4768BF-8EF4-484C-92C0-7D2BB951396F}.Release|Any CPU.ActiveCfg = Release|Any CPU
		{0C4768BF-8EF4-484C-92C0-7D2BB951396F}.Release|Any CPU.Build.0 = Release|Any CPU
		{90F2FD77-EB1A-43DA-80FF-BB48A17582C8}.Debug|Any CPU.ActiveCfg = Debug|Any CPU
		{90F2FD77-EB1A-43DA-80FF-BB48A17582C8}.Debug|Any CPU.Build.0 = Debug|Any CPU
		{90F2FD77-EB1A-43DA-80FF-BB48A17582C8}.Release|Any CPU.ActiveCfg = Release|Any CPU
		{90F2FD77-EB1A-43DA-80FF-BB48A17582C8}.Release|Any CPU.Build.0 = Release|Any CPU
		{4D281690-D57B-4B3C-9425-51D7C256EC24}.Debug|Any CPU.ActiveCfg = Debug|Any CPU
		{4D281690-D57B-4B3C-9425-51D7C256EC24}.Debug|Any CPU.Build.0 = Debug|Any CPU
		{4D281690-D57B-4B3C-9425-51D7C256EC24}.Release|Any CPU.ActiveCfg = Release|Any CPU
		{4D281690-D57B-4B3C-9425-51D7C256EC24}.Release|Any CPU.Build.0 = Release|Any CPU
		{C16AE62A-C9DE-482B-8E56-BDAB321CE135}.Debug|Any CPU.ActiveCfg = Debug|Any CPU
		{C16AE62A-C9DE-482B-8E56-BDAB321CE135}.Debug|Any CPU.Build.0 = Debug|Any CPU
		{C16AE62A-C9DE-482B-8E56-BDAB321CE135}.Release|Any CPU.ActiveCfg = Release|Any CPU
		{C16AE62A-C9DE-482B-8E56-BDAB321CE135}.Release|Any CPU.Build.0 = Release|Any CPU
		{C43220D2-A140-4FEA-BCAB-1E3C6F6DE674}.Debug|Any CPU.ActiveCfg = Debug|Any CPU
		{C43220D2-A140-4FEA-BCAB-1E3C6F6DE674}.Debug|Any CPU.Build.0 = Debug|Any CPU
		{C43220D2-A140-4FEA-BCAB-1E3C6F6DE674}.Release|Any CPU.ActiveCfg = Release|Any CPU
		{C43220D2-A140-4FEA-BCAB-1E3C6F6DE674}.Release|Any CPU.Build.0 = Release|Any CPU
	EndGlobalSection
	GlobalSection(SolutionProperties) = preSolution
		HideSolutionNode = FALSE
	EndGlobalSection
	GlobalSection(ExtensibilityGlobals) = postSolution
		SolutionGuid = {5CE11E69-73F1-4A27-A2B8-953D820C5850}
	EndGlobalSection
EndGlobal
